
Microsoft Visual Studio Solution File, Format Version 12.00
# Visual Studio Version 16
VisualStudioVersion = 16.0.29609.76
MinimumVisualStudioVersion = 10.0.40219.1
Project("{F184B08F-C81C-45F6-A57F-5ABD9991F28F}") = "MercuryHealth", "MercuryHealth\MercuryHealth.vbproj", "{538173B9-2ED3-4BB9-9B8C-D9C62E05401C}"
EndProject
Global
	GlobalSection(SolutionConfigurationPlatforms) = preSolution
		Debug|Any CPU = Debug|Any CPU
		Release|Any CPU = Release|Any CPU
	EndGlobalSection
	GlobalSection(ProjectConfigurationPlatforms) = postSolution
		{538173B9-2ED3-4BB9-9B8C-D9C62E05401C}.Debug|Any CPU.ActiveCfg = Debug|Any CPU
		{538173B9-2ED3-4BB9-9B8C-D9C62E05401C}.Debug|Any CPU.Build.0 = Debug|Any CPU
		{538173B9-2ED3-4BB9-9B8C-D9C62E05401C}.Release|Any CPU.ActiveCfg = Release|Any CPU
		{538173B9-2ED3-4BB9-9B8C-D9C62E05401C}.Release|Any CPU.Build.0 = Release|Any CPU
	EndGlobalSection
	GlobalSection(SolutionProperties) = preSolution
		HideSolutionNode = FALSE
	EndGlobalSection
	GlobalSection(ExtensibilityGlobals) = postSolution
		SolutionGuid = {8499A103-9EA5-4141-A3BB-3E3DBB76F75A}
	EndGlobalSection
EndGlobal
